
Microsoft Visual Studio Solution File, Format Version 10.00
# Visual Studio 2008
Project("{FAE04EC0-301F-11D3-BF4B-00C04F79EFBC}") = "MassacreXMAS", "MassacreXMAS\MassacreXMAS.csproj", "{060139E7-6F94-462C-9275-15288B8F9FDA}"
EndProject
Project("{FAE04EC0-301F-11D3-BF4B-00C04F79EFBC}") = "RedBulb", "..\RedBulb\RedBulb\RedBulb.csproj", "{565CD6B9-7FA5-4EBA-AF83-FEFC8CE1EA6D}"
EndProject
Project("{54435603-DBB4-11D2-8724-00A0C9A8B90C}") = "MassacreXmasSetup", "MassacreXmasSetup\MassacreXmasSetup.vdproj", "{8E95BEBB-6F0F-4942-B354-41B91485050F}"
EndProject
Global
	GlobalSection(TeamFoundationVersionControl) = preSolution
		SccNumberOfProjects = 6
		SccEnterpriseProvider = {4CA58AB2-18FA-4F8D-95D4-32DDF27D184C}
		SccTeamFoundationServer = https://tfs05.codeplex.com/
		SccProjectUniqueName0 = ..\\RedBulb\\RedBulb\\RedBulb.csproj
		SccProjectName0 = ../RedBulb/RedBulb
		SccLocalPath0 = ..\\RedBulb\\RedBulb
		SccProjectUniqueName1 = ..\\RedBulb\\RedBulb\\Content\\Content.contentproj
		SccProjectTopLevelParentUniqueName1 = ..\\RedBulb\\RedBulb\\RedBulb.csproj
		SccProjectName1 = ../RedBulb/RedBulb/Content
		SccLocalPath1 = ..\\RedBulb\\RedBulb\\Content
		SccLocalPath2 = .
		SccProjectUniqueName3 = MassacreXMAS\\Content\\Content.contentproj
		SccProjectTopLevelParentUniqueName3 = MassacreXMAS\\MassacreXMAS.csproj
		SccProjectName3 = MassacreXMAS/Content
		SccLocalPath3 = MassacreXMAS\\Content
		SccProjectUniqueName4 = MassacreXMAS\\MassacreXMAS.csproj
		SccProjectName4 = MassacreXMAS
		SccLocalPath4 = MassacreXMAS
		SccProjectUniqueName5 = MassacreXmasSetup\\MassacreXmasSetup.vdproj
		SccProjectName5 = MassacreXmasSetup
		SccLocalPath5 = MassacreXmasSetup
	EndGlobalSection
	GlobalSection(SolutionConfigurationPlatforms) = preSolution
		Debug|x86 = Debug|x86
		Release|x86 = Release|x86
	EndGlobalSection
	GlobalSection(ProjectConfigurationPlatforms) = postSolution
		{060139E7-6F94-462C-9275-15288B8F9FDA}.Debug|x86.ActiveCfg = Debug|x86
		{060139E7-6F94-462C-9275-15288B8F9FDA}.Debug|x86.Build.0 = Debug|x86
		{060139E7-6F94-462C-9275-15288B8F9FDA}.Release|x86.ActiveCfg = Release|x86
		{060139E7-6F94-462C-9275-15288B8F9FDA}.Release|x86.Build.0 = Release|x86
		{565CD6B9-7FA5-4EBA-AF83-FEFC8CE1EA6D}.Debug|x86.ActiveCfg = Debug|x86
		{565CD6B9-7FA5-4EBA-AF83-FEFC8CE1EA6D}.Debug|x86.Build.0 = Debug|x86
		{565CD6B9-7FA5-4EBA-AF83-FEFC8CE1EA6D}.Release|x86.ActiveCfg = Release|x86
		{565CD6B9-7FA5-4EBA-AF83-FEFC8CE1EA6D}.Release|x86.Build.0 = Release|x86
		{8E95BEBB-6F0F-4942-B354-41B91485050F}.Debug|x86.ActiveCfg = Debug
		{8E95BEBB-6F0F-4942-B354-41B91485050F}.Debug|x86.Build.0 = Debug
		{8E95BEBB-6F0F-4942-B354-41B91485050F}.Release|x86.ActiveCfg = Release
		{8E95BEBB-6F0F-4942-B354-41B91485050F}.Release|x86.Build.0 = Release
		{71902C00-7313-4BBC-93F1-08263E5BEC33}.Debug|x86.ActiveCfg = Debug|x86
		{71902C00-7313-4BBC-93F1-08263E5BEC33}.Release|x86.ActiveCfg = Release|x86
		{C8BE0818-2280-46EF-86E8-8524504BB946}.Debug|x86.ActiveCfg = Debug|x86
		{C8BE0818-2280-46EF-86E8-8524504BB946}.Release|x86.ActiveCfg = Release|x86
	EndGlobalSection
	GlobalSection(SolutionProperties) = preSolution
		HideSolutionNode = FALSE
	EndGlobalSection
EndGlobal
