
Microsoft Visual Studio Solution File, Format Version 11.00
# Visual Studio 2010
Project("{FAE04EC0-301F-11D3-BF4B-00C04F79EFBC}") = "Neat", "Neat\Neat\Neat.csproj", "{415C88FE-D239-45DA-80B5-95DF35A03CC0}"
EndProject
Project("{FAE04EC0-301F-11D3-BF4B-00C04F79EFBC}") = "NeatContent", "Neat\NeatContent\NeatContent.contentproj", "{6F005619-AD80-47AB-A975-061A4766F11C}"
EndProject
Project("{FAE04EC0-301F-11D3-BF4B-00C04F79EFBC}") = "NeatStarter", "NeatStarter\NeatStarter\NeatStarter.csproj", "{7BC0C28A-D2C0-4D0D-9274-71E44781E560}"
EndProject
Project("{FAE04EC0-301F-11D3-BF4B-00C04F79EFBC}") = "NeatStarterContent", "NeatStarter\NeatStarterContent\NeatStarterContent.contentproj", "{9A4C2AD8-EC33-4CA3-B758-9C855967668C}"
EndProject
Global
	GlobalSection(TeamFoundationVersionControl) = preSolution
		SccNumberOfProjects = 3
		SccEnterpriseProvider = {4CA58AB2-18FA-4F8D-95D4-32DDF27D184C}
		SccTeamFoundationServer = https://tfs.codeplex.com/tfs/tfs05
		SccLocalPath0 = .
		SccProjectUniqueName1 = Neat\\Neat\\Neat.csproj
		SccProjectName1 = Neat/Neat
		SccLocalPath1 = Neat\\Neat
		SccProjectUniqueName2 = Neat\\NeatContent\\NeatContent.contentproj
		SccProjectName2 = Neat/NeatContent
		SccLocalPath2 = Neat\\NeatContent
	EndGlobalSection
	GlobalSection(SolutionConfigurationPlatforms) = preSolution
		Debug|x86 = Debug|x86
		Release|x86 = Release|x86
	EndGlobalSection
	GlobalSection(ProjectConfigurationPlatforms) = postSolution
		{415C88FE-D239-45DA-80B5-95DF35A03CC0}.Debug|x86.ActiveCfg = Debug|x86
		{415C88FE-D239-45DA-80B5-95DF35A03CC0}.Debug|x86.Build.0 = Debug|x86
		{415C88FE-D239-45DA-80B5-95DF35A03CC0}.Release|x86.ActiveCfg = Release|x86
		{415C88FE-D239-45DA-80B5-95DF35A03CC0}.Release|x86.Build.0 = Release|x86
		{6F005619-AD80-47AB-A975-061A4766F11C}.Debug|x86.ActiveCfg = Debug|x86
		{6F005619-AD80-47AB-A975-061A4766F11C}.Release|x86.ActiveCfg = Release|x86
		{7BC0C28A-D2C0-4D0D-9274-71E44781E560}.Debug|x86.ActiveCfg = Debug|x86
		{7BC0C28A-D2C0-4D0D-9274-71E44781E560}.Debug|x86.Build.0 = Debug|x86
		{7BC0C28A-D2C0-4D0D-9274-71E44781E560}.Release|x86.ActiveCfg = Release|x86
		{7BC0C28A-D2C0-4D0D-9274-71E44781E560}.Release|x86.Build.0 = Release|x86
		{9A4C2AD8-EC33-4CA3-B758-9C855967668C}.Debug|x86.ActiveCfg = Debug|x86
		{9A4C2AD8-EC33-4CA3-B758-9C855967668C}.Release|x86.ActiveCfg = Release|x86
	EndGlobalSection
	GlobalSection(SolutionProperties) = preSolution
		HideSolutionNode = FALSE
	EndGlobalSection
EndGlobal
